
Microsoft Visual Studio Solution File, Format Version 12.00
# Visual Studio Version 16
VisualStudioVersion = 16.0.29709.97
MinimumVisualStudioVersion = 10.0.40219.1
Project("{8BC9CEB8-8B4A-11D0-8D11-00A0C91BC942}") = "сессия_карпа_подарки", "сессия_карпа_подарки\сессия_карпа_подарки.vcxproj", "{A14372D5-E597-46DE-BC98-EA038A5E784D}"
EndProject
Global
	GlobalSection(SolutionConfigurationPlatforms) = preSolution
		Debug|x64 = Debug|x64
		Debug|x86 = Debug|x86
		Release|x64 = Release|x64
		Release|x86 = Release|x86
	EndGlobalSection
	GlobalSection(ProjectConfigurationPlatforms) = postSolution
		{A14372D5-E597-46DE-BC98-EA038A5E784D}.Debug|x64.ActiveCfg = Debug|x64
		{A14372D5-E597-46DE-BC98-EA038A5E784D}.Debug|x64.Build.0 = Debug|x64
		{A14372D5-E597-46DE-BC98-EA038A5E784D}.Debug|x86.ActiveCfg = Debug|Win32
		{A14372D5-E597-46DE-BC98-EA038A5E784D}.Debug|x86.Build.0 = Debug|Win32
		{A14372D5-E597-46DE-BC98-EA038A5E784D}.Release|x64.ActiveCfg = Release|x64
		{A14372D5-E597-46DE-BC98-EA038A5E784D}.Release|x64.Build.0 = Release|x64
		{A14372D5-E597-46DE-BC98-EA038A5E784D}.Release|x86.ActiveCfg = Release|Win32
		{A14372D5-E597-46DE-BC98-EA038A5E784D}.Release|x86.Build.0 = Release|Win32
	EndGlobalSection
	GlobalSection(SolutionProperties) = preSolution
		HideSolutionNode = FALSE
	EndGlobalSection
	GlobalSection(ExtensibilityGlobals) = postSolution
		SolutionGuid = {09E6CA18-CADF-4865-84F2-FB6CDED8D58A}
	EndGlobalSection
EndGlobal
